
Microsoft Visual Studio Solution File, Format Version 12.00
# Visual Studio 2013
VisualStudioVersion = 12.0.31101.0
MinimumVisualStudioVersion = 10.0.40219.1
Project("{8BC9CEB8-8B4A-11D0-8D11-00A0C91BC942}") = "IOCP_0.3", "IOCP_0.3\IOCP_0.3.vcxproj", "{9A582909-331C-41D3-967C-E374FF217DC7}"
EndProject
Project("{8BC9CEB8-8B4A-11D0-8D11-00A0C91BC942}") = "IOCP_0.5", "IOCP_0.5\IOCP_0.5.vcxproj", "{3130458D-0F4B-4DAE-B3C0-D2AE9BE011FD}"
EndProject
Global
	GlobalSection(SolutionConfigurationPlatforms) = preSolution
		Debug|Win32 = Debug|Win32
		Release|Win32 = Release|Win32
	EndGlobalSection
	GlobalSection(ProjectConfigurationPlatforms) = postSolution
		{9A582909-331C-41D3-967C-E374FF217DC7}.Debug|Win32.ActiveCfg = Debug|Win32
		{9A582909-331C-41D3-967C-E374FF217DC7}.Debug|Win32.Build.0 = Debug|Win32
		{9A582909-331C-41D3-967C-E374FF217DC7}.Release|Win32.ActiveCfg = Release|Win32
		{9A582909-331C-41D3-967C-E374FF217DC7}.Release|Win32.Build.0 = Release|Win32
		{3130458D-0F4B-4DAE-B3C0-D2AE9BE011FD}.Debug|Win32.ActiveCfg = Debug|Win32
		{3130458D-0F4B-4DAE-B3C0-D2AE9BE011FD}.Debug|Win32.Build.0 = Debug|Win32
		{3130458D-0F4B-4DAE-B3C0-D2AE9BE011FD}.Release|Win32.ActiveCfg = Release|Win32
		{3130458D-0F4B-4DAE-B3C0-D2AE9BE011FD}.Release|Win32.Build.0 = Release|Win32
	EndGlobalSection
	GlobalSection(SolutionProperties) = preSolution
		HideSolutionNode = FALSE
	EndGlobalSection
EndGlobal
